
Microsoft Visual Studio Solution File, Format Version 11.00
# Visual Studio 2010
Project("{FAE04EC0-301F-11D3-BF4B-00C04F79EFBC}") = "littlebrotner_neo", "Assembly-CSharp.csproj", "{71CDD884-E2C3-B3DB-96B1-6FE759C9A903}"
EndProject
Project("{FAE04EC0-301F-11D3-BF4B-00C04F79EFBC}") = "littlebrotner_neo", "Assembly-CSharp-firstpass.csproj", "{3808812A-EC1F-7A51-9790-8F4E30CAFDFD}"
EndProject
Project("{FAE04EC0-301F-11D3-BF4B-00C04F79EFBC}") = "littlebrotner_neo", "Assembly-CSharp-Editor.csproj", "{8F5024C2-F14E-232E-A2A9-3B4398C88909}"
EndProject
Project("{FAE04EC0-301F-11D3-BF4B-00C04F79EFBC}") = "littlebrotner_neo", "Assembly-CSharp-Editor-firstpass.csproj", "{FDFBEE3C-1859-AB32-039A-523713E9138B}"
EndProject
Global
	GlobalSection(SolutionConfigurationPlatforms) = preSolution
		Debug|Any CPU = Debug|Any CPU
		Release|Any CPU = Release|Any CPU
	EndGlobalSection
	GlobalSection(ProjectConfigurationPlatforms) = postSolution
		{71CDD884-E2C3-B3DB-96B1-6FE759C9A903}.Debug|Any CPU.ActiveCfg = Debug|Any CPU
		{71CDD884-E2C3-B3DB-96B1-6FE759C9A903}.Debug|Any CPU.Build.0 = Debug|Any CPU
		{71CDD884-E2C3-B3DB-96B1-6FE759C9A903}.Release|Any CPU.ActiveCfg = Release|Any CPU
		{71CDD884-E2C3-B3DB-96B1-6FE759C9A903}.Release|Any CPU.Build.0 = Release|Any CPU
		{3808812A-EC1F-7A51-9790-8F4E30CAFDFD}.Debug|Any CPU.ActiveCfg = Debug|Any CPU
		{3808812A-EC1F-7A51-9790-8F4E30CAFDFD}.Debug|Any CPU.Build.0 = Debug|Any CPU
		{3808812A-EC1F-7A51-9790-8F4E30CAFDFD}.Release|Any CPU.ActiveCfg = Release|Any CPU
		{3808812A-EC1F-7A51-9790-8F4E30CAFDFD}.Release|Any CPU.Build.0 = Release|Any CPU
		{8F5024C2-F14E-232E-A2A9-3B4398C88909}.Debug|Any CPU.ActiveCfg = Debug|Any CPU
		{8F5024C2-F14E-232E-A2A9-3B4398C88909}.Debug|Any CPU.Build.0 = Debug|Any CPU
		{8F5024C2-F14E-232E-A2A9-3B4398C88909}.Release|Any CPU.ActiveCfg = Release|Any CPU
		{8F5024C2-F14E-232E-A2A9-3B4398C88909}.Release|Any CPU.Build.0 = Release|Any CPU
		{FDFBEE3C-1859-AB32-039A-523713E9138B}.Debug|Any CPU.ActiveCfg = Debug|Any CPU
		{FDFBEE3C-1859-AB32-039A-523713E9138B}.Debug|Any CPU.Build.0 = Debug|Any CPU
		{FDFBEE3C-1859-AB32-039A-523713E9138B}.Release|Any CPU.ActiveCfg = Release|Any CPU
		{FDFBEE3C-1859-AB32-039A-523713E9138B}.Release|Any CPU.Build.0 = Release|Any CPU
	EndGlobalSection
	GlobalSection(SolutionProperties) = preSolution
		HideSolutionNode = FALSE
	EndGlobalSection
	GlobalSection(MonoDevelopProperties) = preSolution
		StartupItem = Assembly-CSharp.csproj
	EndGlobalSection
EndGlobal
